// !$*UTF8*$!
{
	archiveVersion = 1;
	classes = {
	};
	objectVersion = 50;
	objects = {

/* Begin PBXBuildFile section */
		4B97C38022FD81B700DC7138 /* AppDelegate.swift in Sources */ = {isa = PBXBuildFile; fileRef = 4B97C37F22FD81B700DC7138 /* AppDelegate.swift */; };
		4B97C38522FD81B700DC7138 /* Main.storyboard in Resources */ = {isa = PBXBuildFile; fileRef = 4B97C38322FD81B700DC7138 /* Main.storyboard */; };
		4B97C38722FD81B800DC7138 /* Assets.xcassets in Resources */ = {isa = PBXBuildFile; fileRef = 4B97C38622FD81B800DC7138 /* Assets.xcassets */; };
		4B97C38A22FD81B800DC7138 /* LaunchScreen.storyboard in Resources */ = {isa = PBXBuildFile; fileRef = 4B97C38822FD81B800DC7138 /* LaunchScreen.storyboard */; };
		4B97C39422FD8E9F00DC7138 /* CycleEtFrameController.swift in Sources */ = {isa = PBXBuildFile; fileRef = 4B97C39322FD8E9F00DC7138 /* CycleEtFrameController.swift */; };
		4B97C39622FDA3BC00DC7138 /* ProgrammatiqueController.swift in Sources */ = {isa = PBXBuildFile; fileRef = 4B97C39522FDA3BC00DC7138 /* ProgrammatiqueController.swift */; };
/* End PBXBuildFile section */

/* Begin PBXFileReference section */
		4B97C37C22FD81B700DC7138 /* Pluis loin dans UI.app */ = {isa = PBXFileReference; explicitFileType = wrapper.application; includeInIndex = 0; path = "Pluis loin dans UI.app"; sourceTree = BUILT_PRODUCTS_DIR; };
		4B97C37F22FD81B700DC7138 /* AppDelegate.swift */ = {isa = PBXFileReference; lastKnownFileType = sourcecode.swift; path = AppDelegate.swift; sourceTree = "<group>"; };
		4B97C38422FD81B700DC7138 /* Base */ = {isa = PBXFileReference; lastKnownFileType = file.storyboard; name = Base; path = Base.lproj/Main.storyboard; sourceTree = "<group>"; };
		4B97C38622FD81B800DC7138 /* Assets.xcassets */ = {isa = PBXFileReference; lastKnownFileType = folder.assetcatalog; path = Assets.xcassets; sourceTree = "<group>"; };
		4B97C38922FD81B800DC7138 /* Base */ = {isa = PBXFileReference; lastKnownFileType = file.storyboard; name = Base; path = Base.lproj/LaunchScreen.storyboard; sourceTree = "<group>"; };
		4B97C38B22FD81B800DC7138 /* Info.plist */ = {isa = PBXFileReference; lastKnownFileType = text.plist.xml; path = Info.plist; sourceTree = "<group>"; };
		4B97C39322FD8E9F00DC7138 /* CycleEtFrameController.swift */ = {isa = PBXFileReference; lastKnownFileType = sourcecode.swift; path = CycleEtFrameController.swift; sourceTree = "<group>"; };
		4B97C39522FDA3BC00DC7138 /* ProgrammatiqueController.swift */ = {isa = PBXFileReference; lastKnownFileType = sourcecode.swift; path = ProgrammatiqueController.swift; sourceTree = "<group>"; };
/* End PBXFileReference section */

/* Begin PBXFrameworksBuildPhase section */
		4B97C37922FD81B600DC7138 /* Frameworks */ = {
			isa = PBXFrameworksBuildPhase;
			buildActionMask = 2147483647;
			files = (
			);
			runOnlyForDeploymentPostprocessing = 0;
		};
/* End PBXFrameworksBuildPhase section */

/* Begin PBXGroup section */
		4B97C37322FD81B600DC7138 = {
			isa = PBXGroup;
			children = (
				4B97C37E22FD81B700DC7138 /* Pluis loin dans UI */,
				4B97C37D22FD81B700DC7138 /* Products */,
			);
			sourceTree = "<group>";
		};
		4B97C37D22FD81B700DC7138 /* Products */ = {
			isa = PBXGroup;
			children = (
				4B97C37C22FD81B700DC7138 /* Pluis loin dans UI.app */,
			);
			name = Products;
			sourceTree = "<group>";
		};
		4B97C37E22FD81B700DC7138 /* Pluis loin dans UI */ = {
			isa = PBXGroup;
			children = (
				4B97C37F22FD81B700DC7138 /* AppDelegate.swift */,
				4B97C38322FD81B700DC7138 /* Main.storyboard */,
				4B97C38622FD81B800DC7138 /* Assets.xcassets */,
				4B97C38822FD81B800DC7138 /* LaunchScreen.storyboard */,
				4B97C38B22FD81B800DC7138 /* Info.plist */,
				4B97C39322FD8E9F00DC7138 /* CycleEtFrameController.swift */,
				4B97C39522FDA3BC00DC7138 /* ProgrammatiqueController.swift */,
			);
			path = "Pluis loin dans UI";
			sourceTree = "<group>";
		};
/* End PBXGroup section */

/* Begin PBXNativeTarget section */
		4B97C37B22FD81B600DC7138 /* Pluis loin dans UI */ = {
			isa = PBXNativeTarget;
			buildConfigurationList = 4B97C38E22FD81B800DC7138 /* Build configuration list for PBXNativeTarget "Pluis loin dans UI" */;
			buildPhases = (
				4B97C37822FD81B600DC7138 /* Sources */,
				4B97C37922FD81B600DC7138 /* Frameworks */,
				4B97C37A22FD81B600DC7138 /* Resources */,
			);
			buildRules = (
			);
			dependencies = (
			);
			name = "Pluis loin dans UI";
			productName = "Pluis loin dans UI";
			productReference = 4B97C37C22FD81B700DC7138 /* Pluis loin dans UI.app */;
			productType = "com.apple.product-type.application";
		};
/* End PBXNativeTarget section */

/* Begin PBXProject section */
		4B97C37422FD81B600DC7138 /* Project object */ = {
			isa = PBXProject;
			attributes = {
				LastSwiftUpdateCheck = 1030;
				LastUpgradeCheck = 1030;
				ORGANIZATIONNAME = "Jean-Paul Berthelot";
				TargetAttributes = {
					4B97C37B22FD81B600DC7138 = {
						CreatedOnToolsVersion = 10.3;
					};
				};
			};
			buildConfigurationList = 4B97C37722FD81B600DC7138 /* Build configuration list for PBXProject "Pluis loin dans UI" */;
			compatibilityVersion = "Xcode 9.3";
			developmentRegion = en;
			hasScannedForEncodings = 0;
			knownRegions = (
				en,
				Base,
			);
			mainGroup = 4B97C37322FD81B600DC7138;
			productRefGroup = 4B97C37D22FD81B700DC7138 /* Products */;
			projectDirPath = "";
			projectRoot = "";
			targets = (
				4B97C37B22FD81B600DC7138 /* Pluis loin dans UI */,
			);
		};
/* End PBXProject section */

/* Begin PBXResourcesBuildPhase section */
		4B97C37A22FD81B600DC7138 /* Resources */ = {
			isa = PBXResourcesBuildPhase;
			buildActionMask = 2147483647;
			files = (
				4B97C38A22FD81B800DC7138 /* LaunchScreen.storyboard in Resources */,
				4B97C38722FD81B800DC7138 /* Assets.xcassets in Resources */,
				4B97C38522FD81B700DC7138 /* Main.storyboard in Resources */,
			);
			runOnlyForDeploymentPostprocessing = 0;
		};
/* End PBXResourcesBuildPhase section */

/* Begin PBXSourcesBuildPhase section */
		4B97C37822FD81B600DC7138 /* Sources */ = {
			isa = PBXSourcesBuildPhase;
			buildActionMask = 2147483647;
			files = (
				4B97C39422FD8E9F00DC7138 /* CycleEtFrameController.swift in Sources */,
				4B97C38022FD81B700DC7138 /* AppDelegate.swift in Sources */,
				4B97C39622FDA3BC00DC7138 /* ProgrammatiqueController.swift in Sources */,
			);
			runOnlyForDeploymentPostprocessing = 0;
		};
/* End PBXSourcesBuildPhase section */

/* Begin PBXVariantGroup section */
		4B97C38322FD81B700DC7138 /* Main.storyboard */ = {
			isa = PBXVariantGroup;
			children = (
				4B97C38422FD81B700DC7138 /* Base */,
			);
			name = Main.storyboard;
			sourceTree = "<group>";
		};
		4B97C38822FD81B800DC7138 /* LaunchScreen.storyboard */ = {
			isa = PBXVariantGroup;
			children = (
				4B97C38922FD81B800DC7138 /* Base */,
			);
			name = LaunchScreen.storyboard;
			sourceTree = "<group>";
		};
/* End PBXVariantGroup section */

/* Begin XCBuildConfiguration section */
		4B97C38C22FD81B800DC7138 /* Debug */ = {
			isa = XCBuildConfiguration;
			buildSettings = {
				ALWAYS_SEARCH_USER_PATHS = NO;
				CLANG_ANALYZER_NONNULL = YES;
				CLANG_ANALYZER_NUMBER_OBJECT_CONVERSION = YES_AGGRESSIVE;
				CLANG_CXX_LANGUAGE_STANDARD = "gnu++14";
				CLANG_CXX_LIBRARY = "libc++";
				CLANG_ENABLE_MODULES = YES;
				CLANG_ENABLE_OBJC_ARC = YES;
				CLANG_ENABLE_OBJC_WEAK = YES;
				CLANG_WARN_BLOCK_CAPTURE_AUTORELEASING = YES;
				CLANG_WARN_BOOL_CONVERSION = YES;
				CLANG_WARN_COMMA = YES;
				CLANG_WARN_CONSTANT_CONVERSION = YES;
				CLANG_WARN_DEPRECATED_OBJC_IMPLEMENTATIONS = YES;
				CLANG_WARN_DIRECT_OBJC_ISA_USAGE = YES_ERROR;
				CLANG_WARN_DOCUMENTATION_COMMENTS = YES;
				CLANG_WARN_EMPTY_BODY = YES;
				CLANG_WARN_ENUM_CONVERSION = YES;
				CLANG_WARN_INFINITE_RECURSION = YES;
				CLANG_WARN_INT_CONVERSION = YES;
				CLANG_WARN_NON_LITERAL_NULL_CONVERSION = YES;
				CLANG_WARN_OBJC_IMPLICIT_RETAIN_SELF = YES;
				CLANG_WARN_OBJC_LITERAL_CONVERSION = YES;
				CLANG_WARN_OBJC_ROOT_CLASS = YES_ERROR;
				CLANG_WARN_RANGE_LOOP_ANALYSIS = YES;
				CLANG_WARN_STRICT_PROTOTYPES = YES;
				CLANG_WARN_SUSPICIOUS_MOVE = YES;
				CLANG_WARN_UNGUARDED_AVAILABILITY = YES_AGGRESSIVE;
				CLANG_WARN_UNREACHABLE_CODE = YES;
				CLANG_WARN__DUPLICATE_METHOD_MATCH = YES;
				CODE_SIGN_IDENTITY = "iPhone Developer";
				COPY_PHASE_STRIP = NO;
				DEBUG_INFORMATION_FORMAT = dwarf;
				ENABLE_STRICT_OBJC_MSGSEND = YES;
				ENABLE_TESTABILITY = YES;
				GCC_C_LANGUAGE_STANDARD = gnu11;
				GCC_DYNAMIC_NO_PIC = NO;
				GCC_NO_COMMON_BLOCKS = YES;
				GCC_OPTIMIZATION_LEVEL = 0;
				GCC_PREPROCESSOR_DEFINITIONS = (
					"DEBUG=1",
					"$(inherited)",
				);
				GCC_WARN_64_TO_32_BIT_CONVERSION = YES;
				GCC_WARN_ABOUT_RETURN_TYPE = YES_ERROR;
				GCC_WARN_UNDECLARED_SELECTOR = YES;
				GCC_WARN_UNINITIALIZED_AUTOS = YES_AGGRESSIVE;
				GCC_WARN_UNUSED_FUNCTION = YES;
				GCC_WARN_UNUSED_VARIABLE = YES;
				IPHONEOS_DEPLOYMENT_TARGET = 12.4;
				MTL_ENABLE_DEBUG_INFO = INCLUDE_SOURCE;
				MTL_FAST_MATH = YES;
				ONLY_ACTIVE_ARCH = YES;
				SDKROOT = iphoneos;
				SWIFT_ACTIVE_COMPILATION_CONDITIONS = DEBUG;
				SWIFT_OPTIMIZATION_LEVEL = "-Onone";
			};
			name = Debug;
		};
		4B97C38D22FD81B800DC7138 /* Release */ = {
			isa = XCBuildConfiguration;
			buildSettings = {
				ALWAYS_SEARCH_USER_PATHS = NO;
				CLANG_ANALYZER_NONNULL = YES;
				CLANG_ANALYZER_NUMBER_OBJECT_CONVERSION = YES_AGGRESSIVE;
				CLANG_CXX_LANGUAGE_STANDARD = "gnu++14";
				CLANG_CXX_LIBRARY = "libc++";
				CLANG_ENABLE_MODULES = YES;
				CLANG_ENABLE_OBJC_ARC = YES;
				CLANG_ENABLE_OBJC_WEAK = YES;
				CLANG_WARN_BLOCK_CAPTURE_AUTORELEASING = YES;
				CLANG_WARN_BOOL_CONVERSION = YES;
				CLANG_WARN_COMMA = YES;
				CLANG_WARN_CONSTANT_CONVERSION = YES;
				CLANG_WARN_DEPRECATED_OBJC_IMPLEMENTATIONS = YES;
				CLANG_WARN_DIRECT_OBJC_ISA_USAGE = YES_ERROR;
				CLANG_WARN_DOCUMENTATION_COMMENTS = YES;
				CLANG_WARN_EMPTY_BODY = YES;
				CLANG_WARN_ENUM_CONVERSION = YES;
				CLANG_WARN_INFINITE_RECURSION = YES;
				CLANG_WARN_INT_CONVERSION = YES;
				CLANG_WARN_NON_LITERAL_NULL_CONVERSION = YES;
				CLANG_WARN_OBJC_IMPLICIT_RETAIN_SELF = YES;
				CLANG_WARN_OBJC_LITERAL_CONVERSION = YES;
				CLANG_WARN_OBJC_ROOT_CLASS = YES_ERROR;
				CLANG_WARN_RANGE_LOOP_ANALYSIS = YES;
				CLANG_WARN_STRICT_PROTOTYPES = YES;
				CLANG_WARN_SUSPICIOUS_MOVE = YES;
				CLANG_WARN_UNGUARDED_AVAILABILITY = YES_AGGRESSIVE;
				CLANG_WARN_UNREACHABLE_CODE = YES;
				CLANG_WARN__DUPLICATE_METHOD_MATCH = YES;
				CODE_SIGN_IDENTITY = "iPhone Developer";
				COPY_PHASE_STRIP = NO;
				DEBUG_INFORMATION_FORMAT = "dwarf-with-dsym";
				ENABLE_NS_ASSERTIONS = NO;
				ENABLE_STRICT_OBJC_MSGSEND = YES;
				GCC_C_LANGUAGE_STANDARD = gnu11;
				GCC_NO_COMMON_BLOCKS = YES;
				GCC_WARN_64_TO_32_BIT_CONVERSION = YES;
				GCC_WARN_ABOUT_RETURN_TYPE = YES_ERROR;
				GCC_WARN_UNDECLARED_SELECTOR = YES;
				GCC_WARN_UNINITIALIZED_AUTOS = YES_AGGRESSIVE;
				GCC_WARN_UNUSED_FUNCTION = YES;
				GCC_WARN_UNUSED_VARIABLE = YES;
				IPHONEOS_DEPLOYMENT_TARGET = 12.4;
				MTL_ENABLE_DEBUG_INFO = NO;
				MTL_FAST_MATH = YES;
				SDKROOT = iphoneos;
				SWIFT_COMPILATION_MODE = wholemodule;
				SWIFT_OPTIMIZATION_LEVEL = "-O";
				VALIDATE_PRODUCT = YES;
			};
			name = Release;
		};
		4B97C38F22FD81B800DC7138 /* Debug */ = {
			isa = XCBuildConfiguration;
			buildSettings = {
				ASSETCATALOG_COMPILER_APPICON_NAME = AppIcon;
				CODE_SIGN_STYLE = Automatic;
				DEVELOPMENT_TEAM = QTNZP93R8D;
				INFOPLIST_FILE = "Pluis loin dans UI/Info.plist";
				LD_RUNPATH_SEARCH_PATHS = (
					"$(inherited)",
					"@executable_path/Frameworks",
				);
				PRODUCT_BUNDLE_IDENTIFIER = "Jean-Paul.Pluis-loin-dans-UI";
				PRODUCT_NAME = "$(TARGET_NAME)";
				SWIFT_VERSION = 5.0;
				TARGETED_DEVICE_FAMILY = "1,2";
			};
			name = Debug;
		};
		4B97C39022FD81B800DC7138 /* Release */ = {
			isa = XCBuildConfiguration;
			buildSettings = {
				ASSETCATALOG_COMPILER_APPICON_NAME = AppIcon;
				CODE_SIGN_STYLE = Automatic;
				DEVELOPMENT_TEAM = QTNZP93R8D;
				INFOPLIST_FILE = "Pluis loin dans UI/Info.plist";
				LD_RUNPATH_SEARCH_PATHS = (
					"$(inherited)",
					"@executable_path/Frameworks",
				);
				PRODUCT_BUNDLE_IDENTIFIER = "Jean-Paul.Pluis-loin-dans-UI";
				PRODUCT_NAME = "$(TARGET_NAME)";
				SWIFT_VERSION = 5.0;
				TARGETED_DEVICE_FAMILY = "1,2";
			};
			name = Release;
		};
/* End XCBuildConfiguration section */

/* Begin XCConfigurationList section */
		4B97C37722FD81B600DC7138 /* Build configuration list for PBXProject "Pluis loin dans UI" */ = {
			isa = XCConfigurationList;
			buildConfigurations = (
				4B97C38C22FD81B800DC7138 /* Debug */,
				4B97C38D22FD81B800DC7138 /* Release */,
			);
			defaultConfigurationIsVisible = 0;
			defaultConfigurationName = Release;
		};
		4B97C38E22FD81B800DC7138 /* Build configuration list for PBXNativeTarget "Pluis loin dans UI" */ = {
			isa = XCConfigurationList;
			buildConfigurations = (
				4B97C38F22FD81B800DC7138 /* Debug */,
				4B97C39022FD81B800DC7138 /* Release */,
			);
			defaultConfigurationIsVisible = 0;
			defaultConfigurationName = Release;
		};
/* End XCConfigurationList section */
	};
	rootObject = 4B97C37422FD81B600DC7138 /* Project object */;
}
